
Microsoft Visual Studio Solution File, Format Version 12.00
Project("{FAE04EC0-301F-11D3-BF4B-00C04F79EFBC}") = "admin-service", "admin-service\admin-service.csproj", "{F6EEA465-A7CE-4922-8E84-7560B7B4C331}"
EndProject
Global
	GlobalSection(SolutionConfigurationPlatforms) = preSolution
		Debug|Any CPU = Debug|Any CPU
		Release|Any CPU = Release|Any CPU
	EndGlobalSection
	GlobalSection(ProjectConfigurationPlatforms) = postSolution
		{F6EEA465-A7CE-4922-8E84-7560B7B4C331}.Debug|Any CPU.ActiveCfg = Debug|Any CPU
		{F6EEA465-A7CE-4922-8E84-7560B7B4C331}.Debug|Any CPU.Build.0 = Debug|Any CPU
		{F6EEA465-A7CE-4922-8E84-7560B7B4C331}.Release|Any CPU.ActiveCfg = Release|Any CPU
		{F6EEA465-A7CE-4922-8E84-7560B7B4C331}.Release|Any CPU.Build.0 = Release|Any CPU
	EndGlobalSection
EndGlobal
